<Solution>
  <Folder Name="/src/">
    <Project Path="src/NetworkWatch.Cli/NetworkWatch.Cli.csproj" />
    <Project Path="src/NetworkWatch.Collectors.Windows/NetworkWatch.Collectors.Windows.csproj" />
    <Project Path="src/NetworkWatch.Core/NetworkWatch.Core.csproj" />
    <Project Path="src/NetworkWatch.Service/NetworkWatch.Service.csproj" />
    <Project Path="src/NetworkWatch.Spike/NetworkWatch.Spike.csproj" />
    <Project Path="src/NetworkWatch.Tray/NetworkWatch.Tray.csproj" />
  </Folder>
  <Folder Name="/tests/">
    <Project Path="tests/NetworkWatch.Collectors.Windows.Tests/NetworkWatch.Collectors.Windows.Tests.csproj" />
    <Project Path="tests/NetworkWatch.Core.Tests/NetworkWatch.Core.Tests.csproj" />
  </Folder>
  <Folder Name="/tools/">
    <Project Path="tools/NetworkWatch.TrafficGen/NetworkWatch.TrafficGen.csproj" />
  </Folder>
</Solution>
